
Microsoft Visual Studio Solution File, Format Version 12.00
# Visual Studio Version 17
VisualStudioVersion = 17.5.002.0
MinimumVisualStudioVersion = 10.0.40219.1
Project("{9A19103F-16F7-4668-BE54-9A1E7A4F7556}") = "KlockanAPI.Domain", "KlockanAPI.Domain\KlockanAPI.Domain.csproj", "{885F4EAF-C7CD-4C86-836F-37A1FFC30138}"
EndProject
Project("{9A19103F-16F7-4668-BE54-9A1E7A4F7556}") = "KlockanAPI.Infrastructure", "KlockanAPI.Infrastructure\KlockanAPI.Infrastructure.csproj", "{7539A37E-8824-4F93-915E-4729199AB651}"
EndProject
Project("{9A19103F-16F7-4668-BE54-9A1E7A4F7556}") = "KlockanAPI.Presentation", "KlockanAPI.Presentation\KlockanAPI.Presentation.csproj", "{F315BEFF-BAB9-481C-A097-8193DD6374F4}"
EndProject
Project("{9A19103F-16F7-4668-BE54-9A1E7A4F7556}") = "KlockanAPI.Application", "KlockanAPI.Application\KlockanAPI.Application.csproj", "{9F193751-B906-450F-A4D7-D08133C4AE73}"
EndProject
Global
	GlobalSection(SolutionConfigurationPlatforms) = preSolution
		Debug|Any CPU = Debug|Any CPU
		Release|Any CPU = Release|Any CPU
	EndGlobalSection
	GlobalSection(ProjectConfigurationPlatforms) = postSolution
		{885F4EAF-C7CD-4C86-836F-37A1FFC30138}.Debug|Any CPU.ActiveCfg = Debug|Any CPU
		{885F4EAF-C7CD-4C86-836F-37A1FFC30138}.Debug|Any CPU.Build.0 = Debug|Any CPU
		{885F4EAF-C7CD-4C86-836F-37A1FFC30138}.Release|Any CPU.ActiveCfg = Release|Any CPU
		{885F4EAF-C7CD-4C86-836F-37A1FFC30138}.Release|Any CPU.Build.0 = Release|Any CPU
		{7539A37E-8824-4F93-915E-4729199AB651}.Debug|Any CPU.ActiveCfg = Debug|Any CPU
		{7539A37E-8824-4F93-915E-4729199AB651}.Debug|Any CPU.Build.0 = Debug|Any CPU
		{7539A37E-8824-4F93-915E-4729199AB651}.Release|Any CPU.ActiveCfg = Release|Any CPU
		{7539A37E-8824-4F93-915E-4729199AB651}.Release|Any CPU.Build.0 = Release|Any CPU
		{F315BEFF-BAB9-481C-A097-8193DD6374F4}.Debug|Any CPU.ActiveCfg = Debug|Any CPU
		{F315BEFF-BAB9-481C-A097-8193DD6374F4}.Debug|Any CPU.Build.0 = Debug|Any CPU
		{F315BEFF-BAB9-481C-A097-8193DD6374F4}.Release|Any CPU.ActiveCfg = Release|Any CPU
		{F315BEFF-BAB9-481C-A097-8193DD6374F4}.Release|Any CPU.Build.0 = Release|Any CPU
		{9F193751-B906-450F-A4D7-D08133C4AE73}.Debug|Any CPU.ActiveCfg = Debug|Any CPU
		{9F193751-B906-450F-A4D7-D08133C4AE73}.Debug|Any CPU.Build.0 = Debug|Any CPU
		{9F193751-B906-450F-A4D7-D08133C4AE73}.Release|Any CPU.ActiveCfg = Release|Any CPU
		{9F193751-B906-450F-A4D7-D08133C4AE73}.Release|Any CPU.Build.0 = Release|Any CPU
	EndGlobalSection
	GlobalSection(SolutionProperties) = preSolution
		HideSolutionNode = FALSE
	EndGlobalSection
	GlobalSection(ExtensibilityGlobals) = postSolution
		SolutionGuid = {92B9F0FC-C3C1-4E81-A68D-65841F11403F}
	EndGlobalSection
EndGlobal
